
Microsoft Visual Studio Solution File, Format Version 11.00
# Visual Studio 2010
Project("{8BC9CEB8-8B4A-11D0-8D11-00A0C91BC942}") = "proc", "proc\proc.vcxproj", "{07EE8AFA-C9D9-4121-90A0-48640AC320B0}"
EndProject
Global
	GlobalSection(SolutionConfigurationPlatforms) = preSolution
		Debug|Win32 = Debug|Win32
		Release|Win32 = Release|Win32
	EndGlobalSection
	GlobalSection(ProjectConfigurationPlatforms) = postSolution
		{07EE8AFA-C9D9-4121-90A0-48640AC320B0}.Debug|Win32.ActiveCfg = Debug|Win32
		{07EE8AFA-C9D9-4121-90A0-48640AC320B0}.Debug|Win32.Build.0 = Debug|Win32
		{07EE8AFA-C9D9-4121-90A0-48640AC320B0}.Release|Win32.ActiveCfg = Release|Win32
		{07EE8AFA-C9D9-4121-90A0-48640AC320B0}.Release|Win32.Build.0 = Release|Win32
	EndGlobalSection
	GlobalSection(SolutionProperties) = preSolution
		HideSolutionNode = FALSE
	EndGlobalSection
EndGlobal
